
Microsoft Visual Studio Solution File, Format Version 12.00
# Visual Studio Version 17
VisualStudioVersion = 17.13.35931.197 d17.13
MinimumVisualStudioVersion = 10.0.40219.1
Project("{FAE04EC0-301F-11D3-BF4B-00C04F79EFBC}") = "WebClientAPI", "WebClientAPI\WebClientAPI.csproj", "{60D04AD9-6C5D-4D8C-90A3-C95954791426}"
EndProject
Global
	GlobalSection(SolutionConfigurationPlatforms) = preSolution
		Debug|Any CPU = Debug|Any CPU
		Release|Any CPU = Release|Any CPU
	EndGlobalSection
	GlobalSection(ProjectConfigurationPlatforms) = postSolution
		{60D04AD9-6C5D-4D8C-90A3-C95954791426}.Debug|Any CPU.ActiveCfg = Debug|Any CPU
		{60D04AD9-6C5D-4D8C-90A3-C95954791426}.Debug|Any CPU.Build.0 = Debug|Any CPU
		{60D04AD9-6C5D-4D8C-90A3-C95954791426}.Release|Any CPU.ActiveCfg = Release|Any CPU
		{60D04AD9-6C5D-4D8C-90A3-C95954791426}.Release|Any CPU.Build.0 = Release|Any CPU
	EndGlobalSection
	GlobalSection(SolutionProperties) = preSolution
		HideSolutionNode = FALSE
	EndGlobalSection
	GlobalSection(ExtensibilityGlobals) = postSolution
		SolutionGuid = {A1D48F5E-0071-440F-A801-6F43D0B80603}
	EndGlobalSection
EndGlobal
